
Microsoft Visual Studio Solution File, Format Version 12.00
# Visual Studio Version 16
VisualStudioVersion = 16.0.29424.173
MinimumVisualStudioVersion = 10.0.40219.1
Project("{8BC9CEB8-8B4A-11D0-8D11-00A0C91BC942}") = "makefsdata", "makefsdata.vcxproj", "{51DD8E8D-02B7-42C9-AB63-30BC5A914311}"
EndProject
Global
	GlobalSection(SolutionConfigurationPlatforms) = preSolution
		Debug|x64 = Debug|x64
		Debug|x86 = Debug|x86
		Release|x64 = Release|x64
		Release|x86 = Release|x86
	EndGlobalSection
	GlobalSection(ProjectConfigurationPlatforms) = postSolution
		{51DD8E8D-02B7-42C9-AB63-30BC5A914311}.Debug|x64.ActiveCfg = Debug|x64
		{51DD8E8D-02B7-42C9-AB63-30BC5A914311}.Debug|x64.Build.0 = Debug|x64
		{51DD8E8D-02B7-42C9-AB63-30BC5A914311}.Debug|x86.ActiveCfg = Debug|Win32
		{51DD8E8D-02B7-42C9-AB63-30BC5A914311}.Debug|x86.Build.0 = Debug|Win32
		{51DD8E8D-02B7-42C9-AB63-30BC5A914311}.Release|x64.ActiveCfg = Release|x64
		{51DD8E8D-02B7-42C9-AB63-30BC5A914311}.Release|x64.Build.0 = Release|x64
		{51DD8E8D-02B7-42C9-AB63-30BC5A914311}.Release|x86.ActiveCfg = Release|Win32
		{51DD8E8D-02B7-42C9-AB63-30BC5A914311}.Release|x86.Build.0 = Release|Win32
	EndGlobalSection
	GlobalSection(SolutionProperties) = preSolution
		HideSolutionNode = FALSE
	EndGlobalSection
	GlobalSection(ExtensibilityGlobals) = postSolution
		SolutionGuid = {15D3BA41-E3CB-47BE-B541-92F9FDD916F9}
	EndGlobalSection
EndGlobal
